{
  "name": "repograph-intelligence",
  "version": "0.1.0",
  "lockfileVersion": 3,
  "requires": true,
  "packages": {
    "": {
      "name": "repograph-intelligence",
      "version": "0.1.0",
      "license": "MIT",
      "bin": {
        "repograph": "packages/cli/src/index.js",
        "repograph-mcp": "packages/mcp/src/server.js"
      },
      "engines": {
        "node": ">=20"
      }
    }
  }
}
